// !$*UTF8*$!
{
	archiveVersion = 1;
	classes = {
	};
	objectVersion = 50;
	objects = {

/* Begin PBXBuildFile section */
		B77BAAC921B215D800816E5A /* AppDelegate.swift in Sources */ = {isa = PBXBuildFile; fileRef = B77BAAC821B215D800816E5A /* AppDelegate.swift */; };
		B77BAACB21B215D800816E5A /* ViewController.swift in Sources */ = {isa = PBXBuildFile; fileRef = B77BAACA21B215D800816E5A /* ViewController.swift */; };
		B77BAACE21B215D800816E5A /* Main.storyboard in Resources */ = {isa = PBXBuildFile; fileRef = B77BAACC21B215D800816E5A /* Main.storyboard */; };
		B77BAAD021B215DA00816E5A /* Assets.xcassets in Resources */ = {isa = PBXBuildFile; fileRef = B77BAACF21B215DA00816E5A /* Assets.xcassets */; };
		B77BAAD321B215DA00816E5A /* LaunchScreen.storyboard in Resources */ = {isa = PBXBuildFile; fileRef = B77BAAD121B215DA00816E5A /* LaunchScreen.storyboard */; };
		B7D21C5621C1A21800B44D44 /* WebNode.swift in Sources */ = {isa = PBXBuildFile; fileRef = B7D21C5521C1A21800B44D44 /* WebNode.swift */; };
/* End PBXBuildFile section */

/* Begin PBXFileReference section */
		B77BAAC521B215D800816E5A /* ARSample.app */ = {isa = PBXFileReference; explicitFileType = wrapper.application; includeInIndex = 0; path = ARSample.app; sourceTree = BUILT_PRODUCTS_DIR; };
		B77BAAC821B215D800816E5A /* AppDelegate.swift */ = {isa = PBXFileReference; lastKnownFileType = sourcecode.swift; path = AppDelegate.swift; sourceTree = "<group>"; };
		B77BAACA21B215D800816E5A /* ViewController.swift */ = {isa = PBXFileReference; lastKnownFileType = sourcecode.swift; path = ViewController.swift; sourceTree = "<group>"; };
		B77BAACD21B215D800816E5A /* Base */ = {isa = PBXFileReference; lastKnownFileType = file.storyboard; name = Base; path = Base.lproj/Main.storyboard; sourceTree = "<group>"; };
		B77BAACF21B215DA00816E5A /* Assets.xcassets */ = {isa = PBXFileReference; lastKnownFileType = folder.assetcatalog; path = Assets.xcassets; sourceTree = "<group>"; };
		B77BAAD221B215DA00816E5A /* Base */ = {isa = PBXFileReference; lastKnownFileType = file.storyboard; name = Base; path = Base.lproj/LaunchScreen.storyboard; sourceTree = "<group>"; };
		B77BAAD421B215DA00816E5A /* Info.plist */ = {isa = PBXFileReference; lastKnownFileType = text.plist.xml; path = Info.plist; sourceTree = "<group>"; };
		B7D21C5521C1A21800B44D44 /* WebNode.swift */ = {isa = PBXFileReference; lastKnownFileType = sourcecode.swift; path = WebNode.swift; sourceTree = "<group>"; };
/* End PBXFileReference section */

/* Begin PBXFrameworksBuildPhase section */
		B77BAAC221B215D800816E5A /* Frameworks */ = {
			isa = PBXFrameworksBuildPhase;
			buildActionMask = 2147483647;
			files = (
			);
			runOnlyForDeploymentPostprocessing = 0;
		};
/* End PBXFrameworksBuildPhase section */

/* Begin PBXGroup section */
		B77BAABC21B215D800816E5A = {
			isa = PBXGroup;
			children = (
				B77BAAC721B215D800816E5A /* ARSample */,
				B77BAAC621B215D800816E5A /* Products */,
			);
			sourceTree = "<group>";
		};
		B77BAAC621B215D800816E5A /* Products */ = {
			isa = PBXGroup;
			children = (
				B77BAAC521B215D800816E5A /* ARSample.app */,
			);
			name = Products;
			sourceTree = "<group>";
		};
		B77BAAC721B215D800816E5A /* ARSample */ = {
			isa = PBXGroup;
			children = (
				B77BAAC821B215D800816E5A /* AppDelegate.swift */,
				B77BAACA21B215D800816E5A /* ViewController.swift */,
				B7D21C5521C1A21800B44D44 /* WebNode.swift */,
				B77BAACC21B215D800816E5A /* Main.storyboard */,
				B77BAACF21B215DA00816E5A /* Assets.xcassets */,
				B77BAAD121B215DA00816E5A /* LaunchScreen.storyboard */,
				B77BAAD421B215DA00816E5A /* Info.plist */,
			);
			path = ARSample;
			sourceTree = "<group>";
		};
/* End PBXGroup section */

/* Begin PBXNativeTarget section */
		B77BAAC421B215D800816E5A /* ARSample */ = {
			isa = PBXNativeTarget;
			buildConfigurationList = B77BAAD721B215DA00816E5A /* Build configuration list for PBXNativeTarget "ARSample" */;
			buildPhases = (
				B77BAAC121B215D800816E5A /* Sources */,
				B77BAAC221B215D800816E5A /* Frameworks */,
				B77BAAC321B215D800816E5A /* Resources */,
			);
			buildRules = (
			);
			dependencies = (
			);
			name = ARSample;
			productName = ARSample;
			productReference = B77BAAC521B215D800816E5A /* ARSample.app */;
			productType = "com.apple.product-type.application";
		};
/* End PBXNativeTarget section */

/* Begin PBXProject section */
		B77BAABD21B215D800816E5A /* Project object */ = {
			isa = PBXProject;
			attributes = {
				LastSwiftUpdateCheck = 1010;
				LastUpgradeCheck = 1010;
				ORGANIZATIONNAME = tomoki;
				TargetAttributes = {
					B77BAAC421B215D800816E5A = {
						CreatedOnToolsVersion = 10.1;
					};
				};
			};
			buildConfigurationList = B77BAAC021B215D800816E5A /* Build configuration list for PBXProject "ARSample" */;
			compatibilityVersion = "Xcode 9.3";
			developmentRegion = en;
			hasScannedForEncodings = 0;
			knownRegions = (
				en,
				Base,
			);
			mainGroup = B77BAABC21B215D800816E5A;
			productRefGroup = B77BAAC621B215D800816E5A /* Products */;
			projectDirPath = "";
			projectRoot = "";
			targets = (
				B77BAAC421B215D800816E5A /* ARSample */,
			);
		};
/* End PBXProject section */

/* Begin PBXResourcesBuildPhase section */
		B77BAAC321B215D800816E5A /* Resources */ = {
			isa = PBXResourcesBuildPhase;
			buildActionMask = 2147483647;
			files = (
				B77BAAD321B215DA00816E5A /* LaunchScreen.storyboard in Resources */,
				B77BAAD021B215DA00816E5A /* Assets.xcassets in Resources */,
				B77BAACE21B215D800816E5A /* Main.storyboard in Resources */,
			);
			runOnlyForDeploymentPostprocessing = 0;
		};
/* End PBXResourcesBuildPhase section */

/* Begin PBXSourcesBuildPhase section */
		B77BAAC121B215D800816E5A /* Sources */ = {
			isa = PBXSourcesBuildPhase;
			buildActionMask = 2147483647;
			files = (
				B77BAACB21B215D800816E5A /* ViewController.swift in Sources */,
				B7D21C5621C1A21800B44D44 /* WebNode.swift in Sources */,
				B77BAAC921B215D800816E5A /* AppDelegate.swift in Sources */,
			);
			runOnlyForDeploymentPostprocessing = 0;
		};
/* End PBXSourcesBuildPhase section */

/* Begin PBXVariantGroup section */
		B77BAACC21B215D800816E5A /* Main.storyboard */ = {
			isa = PBXVariantGroup;
			children = (
				B77BAACD21B215D800816E5A /* Base */,
			);
			name = Main.storyboard;
			sourceTree = "<group>";
		};
		B77BAAD121B215DA00816E5A /* LaunchScreen.storyboard */ = {
			isa = PBXVariantGroup;
			children = (
				B77BAAD221B215DA00816E5A /* Base */,
			);
			name = LaunchScreen.storyboard;
			sourceTree = "<group>";
		};
/* End PBXVariantGroup section */

/* Begin XCBuildConfiguration section */
		B77BAAD521B215DA00816E5A /* Debug */ = {
			isa = XCBuildConfiguration;
			buildSettings = {
				ALWAYS_SEARCH_USER_PATHS = NO;
				CLANG_ANALYZER_NONNULL = YES;
				CLANG_ANALYZER_NUMBER_OBJECT_CONVERSION = YES_AGGRESSIVE;
				CLANG_CXX_LANGUAGE_STANDARD = "gnu++14";
				CLANG_CXX_LIBRARY = "libc++";
				CLANG_ENABLE_MODULES = YES;
				CLANG_ENABLE_OBJC_ARC = YES;
				CLANG_ENABLE_OBJC_WEAK = YES;
				CLANG_WARN_BLOCK_CAPTURE_AUTORELEASING = YES;
				CLANG_WARN_BOOL_CONVERSION = YES;
				CLANG_WARN_COMMA = YES;
				CLANG_WARN_CONSTANT_CONVERSION = YES;
				CLANG_WARN_DEPRECATED_OBJC_IMPLEMENTATIONS = YES;
				CLANG_WARN_DIRECT_OBJC_ISA_USAGE = YES_ERROR;
				CLANG_WARN_DOCUMENTATION_COMMENTS = YES;
				CLANG_WARN_EMPTY_BODY = YES;
				CLANG_WARN_ENUM_CONVERSION = YES;
				CLANG_WARN_INFINITE_RECURSION = YES;
				CLANG_WARN_INT_CONVERSION = YES;
				CLANG_WARN_NON_LITERAL_NULL_CONVERSION = YES;
				CLANG_WARN_OBJC_IMPLICIT_RETAIN_SELF = YES;
				CLANG_WARN_OBJC_LITERAL_CONVERSION = YES;
				CLANG_WARN_OBJC_ROOT_CLASS = YES_ERROR;
				CLANG_WARN_RANGE_LOOP_ANALYSIS = YES;
				CLANG_WARN_STRICT_PROTOTYPES = YES;
				CLANG_WARN_SUSPICIOUS_MOVE = YES;
				CLANG_WARN_UNGUARDED_AVAILABILITY = YES_AGGRESSIVE;
				CLANG_WARN_UNREACHABLE_CODE = YES;
				CLANG_WARN__DUPLICATE_METHOD_MATCH = YES;
				CODE_SIGN_IDENTITY = "iPhone Developer";
				COPY_PHASE_STRIP = NO;
				DEBUG_INFORMATION_FORMAT = dwarf;
				ENABLE_STRICT_OBJC_MSGSEND = YES;
				ENABLE_TESTABILITY = YES;
				GCC_C_LANGUAGE_STANDARD = gnu11;
				GCC_DYNAMIC_NO_PIC = NO;
				GCC_NO_COMMON_BLOCKS = YES;
				GCC_OPTIMIZATION_LEVEL = 0;
				GCC_PREPROCESSOR_DEFINITIONS = (
					"DEBUG=1",
					"$(inherited)",
				);
				GCC_WARN_64_TO_32_BIT_CONVERSION = YES;
				GCC_WARN_ABOUT_RETURN_TYPE = YES_ERROR;
				GCC_WARN_UNDECLARED_SELECTOR = YES;
				GCC_WARN_UNINITIALIZED_AUTOS = YES_AGGRESSIVE;
				GCC_WARN_UNUSED_FUNCTION = YES;
				GCC_WARN_UNUSED_VARIABLE = YES;
				IPHONEOS_DEPLOYMENT_TARGET = 12.1;
				MTL_ENABLE_DEBUG_INFO = INCLUDE_SOURCE;
				MTL_FAST_MATH = YES;
				ONLY_ACTIVE_ARCH = YES;
				SDKROOT = iphoneos;
				SWIFT_ACTIVE_COMPILATION_CONDITIONS = DEBUG;
				SWIFT_OPTIMIZATION_LEVEL = "-Onone";
			};
			name = Debug;
		};
		B77BAAD621B215DA00816E5A /* Release */ = {
			isa = XCBuildConfiguration;
			buildSettings = {
				ALWAYS_SEARCH_USER_PATHS = NO;
				CLANG_ANALYZER_NONNULL = YES;
				CLANG_ANALYZER_NUMBER_OBJECT_CONVERSION = YES_AGGRESSIVE;
				CLANG_CXX_LANGUAGE_STANDARD = "gnu++14";
				CLANG_CXX_LIBRARY = "libc++";
				CLANG_ENABLE_MODULES = YES;
				CLANG_ENABLE_OBJC_ARC = YES;
				CLANG_ENABLE_OBJC_WEAK = YES;
				CLANG_WARN_BLOCK_CAPTURE_AUTORELEASING = YES;
				CLANG_WARN_BOOL_CONVERSION = YES;
				CLANG_WARN_COMMA = YES;
				CLANG_WARN_CONSTANT_CONVERSION = YES;
				CLANG_WARN_DEPRECATED_OBJC_IMPLEMENTATIONS = YES;
				CLANG_WARN_DIRECT_OBJC_ISA_USAGE = YES_ERROR;
				CLANG_WARN_DOCUMENTATION_COMMENTS = YES;
				CLANG_WARN_EMPTY_BODY = YES;
				CLANG_WARN_ENUM_CONVERSION = YES;
				CLANG_WARN_INFINITE_RECURSION = YES;
				CLANG_WARN_INT_CONVERSION = YES;
				CLANG_WARN_NON_LITERAL_NULL_CONVERSION = YES;
				CLANG_WARN_OBJC_IMPLICIT_RETAIN_SELF = YES;
				CLANG_WARN_OBJC_LITERAL_CONVERSION = YES;
				CLANG_WARN_OBJC_ROOT_CLASS = YES_ERROR;
				CLANG_WARN_RANGE_LOOP_ANALYSIS = YES;
				CLANG_WARN_STRICT_PROTOTYPES = YES;
				CLANG_WARN_SUSPICIOUS_MOVE = YES;
				CLANG_WARN_UNGUARDED_AVAILABILITY = YES_AGGRESSIVE;
				CLANG_WARN_UNREACHABLE_CODE = YES;
				CLANG_WARN__DUPLICATE_METHOD_MATCH = YES;
				CODE_SIGN_IDENTITY = "iPhone Developer";
				COPY_PHASE_STRIP = NO;
				DEBUG_INFORMATION_FORMAT = "dwarf-with-dsym";
				ENABLE_NS_ASSERTIONS = NO;
				ENABLE_STRICT_OBJC_MSGSEND = YES;
				GCC_C_LANGUAGE_STANDARD = gnu11;
				GCC_NO_COMMON_BLOCKS = YES;
				GCC_WARN_64_TO_32_BIT_CONVERSION = YES;
				GCC_WARN_ABOUT_RETURN_TYPE = YES_ERROR;
				GCC_WARN_UNDECLARED_SELECTOR = YES;
				GCC_WARN_UNINITIALIZED_AUTOS = YES_AGGRESSIVE;
				GCC_WARN_UNUSED_FUNCTION = YES;
				GCC_WARN_UNUSED_VARIABLE = YES;
				IPHONEOS_DEPLOYMENT_TARGET = 12.1;
				MTL_ENABLE_DEBUG_INFO = NO;
				MTL_FAST_MATH = YES;
				SDKROOT = iphoneos;
				SWIFT_COMPILATION_MODE = wholemodule;
				SWIFT_OPTIMIZATION_LEVEL = "-O";
				VALIDATE_PRODUCT = YES;
			};
			name = Release;
		};
		B77BAAD821B215DA00816E5A /* Debug */ = {
			isa = XCBuildConfiguration;
			buildSettings = {
				ASSETCATALOG_COMPILER_APPICON_NAME = AppIcon;
				CODE_SIGN_STYLE = Automatic;
				DEVELOPMENT_TEAM = FJMPLD4D4X;
				INFOPLIST_FILE = ARSample/Info.plist;
				IPHONEOS_DEPLOYMENT_TARGET = 11.0;
				LD_RUNPATH_SEARCH_PATHS = (
					"$(inherited)",
					"@executable_path/Frameworks",
				);
				PRODUCT_BUNDLE_IDENTIFIER = com.tomoki.ARSample;
				PRODUCT_NAME = "$(TARGET_NAME)";
				SWIFT_VERSION = 4.2;
				TARGETED_DEVICE_FAMILY = "1,2";
			};
			name = Debug;
		};
		B77BAAD921B215DA00816E5A /* Release */ = {
			isa = XCBuildConfiguration;
			buildSettings = {
				ASSETCATALOG_COMPILER_APPICON_NAME = AppIcon;
				CODE_SIGN_STYLE = Automatic;
				DEVELOPMENT_TEAM = FJMPLD4D4X;
				INFOPLIST_FILE = ARSample/Info.plist;
				IPHONEOS_DEPLOYMENT_TARGET = 11.0;
				LD_RUNPATH_SEARCH_PATHS = (
					"$(inherited)",
					"@executable_path/Frameworks",
				);
				PRODUCT_BUNDLE_IDENTIFIER = com.tomoki.ARSample;
				PRODUCT_NAME = "$(TARGET_NAME)";
				SWIFT_VERSION = 4.2;
				TARGETED_DEVICE_FAMILY = "1,2";
			};
			name = Release;
		};
/* End XCBuildConfiguration section */

/* Begin XCConfigurationList section */
		B77BAAC021B215D800816E5A /* Build configuration list for PBXProject "ARSample" */ = {
			isa = XCConfigurationList;
			buildConfigurations = (
				B77BAAD521B215DA00816E5A /* Debug */,
				B77BAAD621B215DA00816E5A /* Release */,
			);
			defaultConfigurationIsVisible = 0;
			defaultConfigurationName = Release;
		};
		B77BAAD721B215DA00816E5A /* Build configuration list for PBXNativeTarget "ARSample" */ = {
			isa = XCConfigurationList;
			buildConfigurations = (
				B77BAAD821B215DA00816E5A /* Debug */,
				B77BAAD921B215DA00816E5A /* Release */,
			);
			defaultConfigurationIsVisible = 0;
			defaultConfigurationName = Release;
		};
/* End XCConfigurationList section */
	};
	rootObject = B77BAABD21B215D800816E5A /* Project object */;
}
